# @generated by Move, please check-in and do not edit manually.

[move]
version = 3
manifest_digest = "129C1C03B6287944AA79AFFC059193389A8F8B5E7BEFFBB7A9CA3F97F5D8E63A"
deps_digest = "F8BBB0CCB2491CA29A3DF03D6F92277A4F3574266507ACD77214D37ECA3F3082"
dependencies = [
  { id = "Sui", name = "Sui" },
]

[[move.package]]
id = "MoveStdlib"
source = { git = "https://github.com/MystenLabs/sui.git", rev = "testnet", subdir = "crates/sui-framework/packages/move-stdlib" }

[[move.package]]
id = "Sui"
source = { git = "https://github.com/MystenLabs/sui.git", rev = "testnet", subdir = "crates/sui-framework/packages/sui-framework" }

dependencies = [
  { id = "MoveStdlib", name = "MoveStdlib" },
]

[move.toolchain-version]
compiler-version = "1.49.1"
edition = "2024"
flavor = "sui"

[env]

[env.testnet]
chain-id = "4c78adac"
original-published-id = "0x770caf58ad62a6fa4cfd3f0fcb5a2c9f0ea6f0a64475b5c00b2858917cd40c39"
latest-published-id = "0x770caf58ad62a6fa4cfd3f0fcb5a2c9f0ea6f0a64475b5c00b2858917cd40c39"
published-version = "1"
