# @generated by Move, please check-in and do not edit manually.

[move]
version = 3
manifest_digest = "0104F794AF1C603B0D339FBF2D1DAAFB9A9DE3FFCCC7089040039C8F4A623FA4"
deps_digest = "F8BBB0CCB2491CA29A3DF03D6F92277A4F3574266507ACD77214D37ECA3F3082"
dependencies = [
  { id = "Sui", name = "Sui" },
]

[[move.package]]
id = "MoveStdlib"
source = { git = "https://github.com/MystenLabs/sui.git", rev = "testnet", subdir = "crates/sui-framework/packages/move-stdlib" }

[[move.package]]
id = "Sui"
source = { git = "https://github.com/MystenLabs/sui.git", rev = "testnet", subdir = "crates/sui-framework/packages/sui-framework" }

dependencies = [
  { id = "MoveStdlib", name = "MoveStdlib" },
]

[move.toolchain-version]
compiler-version = "1.49.1"
edition = "2024"
flavor = "sui"

[env]

[env.testnet]
chain-id = "4c78adac"
original-published-id = "0xc52379a8841aca72525a71e1ce30fc869b36a187adcb3b45f615fa753b9c6493"
latest-published-id = "0xc52379a8841aca72525a71e1ce30fc869b36a187adcb3b45f615fa753b9c6493"
published-version = "1"
